
Microsoft Visual Studio Solution File, Format Version 12.00
# Visual Studio Version 17
VisualStudioVersion = 17.8.34330.188
MinimumVisualStudioVersion = 10.0.40219.1
Project("{FAE04EC0-301F-11D3-BF4B-00C04F79EFBC}") = "lab10.BetBoom", "lab10.BetBoom\lab10.BetBoom.csproj", "{F304402D-0E4B-4B1B-8DEE-8E946E309877}"
EndProject
Global
	GlobalSection(SolutionConfigurationPlatforms) = preSolution
		Debug|Any CPU = Debug|Any CPU
		Release|Any CPU = Release|Any CPU
	EndGlobalSection
	GlobalSection(ProjectConfigurationPlatforms) = postSolution
		{F304402D-0E4B-4B1B-8DEE-8E946E309877}.Debug|Any CPU.ActiveCfg = Debug|Any CPU
		{F304402D-0E4B-4B1B-8DEE-8E946E309877}.Debug|Any CPU.Build.0 = Debug|Any CPU
		{F304402D-0E4B-4B1B-8DEE-8E946E309877}.Release|Any CPU.ActiveCfg = Release|Any CPU
		{F304402D-0E4B-4B1B-8DEE-8E946E309877}.Release|Any CPU.Build.0 = Release|Any CPU
	EndGlobalSection
	GlobalSection(SolutionProperties) = preSolution
		HideSolutionNode = FALSE
	EndGlobalSection
	GlobalSection(ExtensibilityGlobals) = postSolution
		SolutionGuid = {E262F681-9549-4E62-9AA5-C6CF9A282071}
	EndGlobalSection
EndGlobal
